
Microsoft Visual Studio Solution File, Format Version 12.00
# Visual Studio Version 17
VisualStudioVersion = 17.11.35312.102
MinimumVisualStudioVersion = 10.0.40219.1
Project("{9A19103F-16F7-4668-BE54-9A1E7A4F7556}") = "hw 23.10.24", "hw 23.10.24\hw 23.10.24.csproj", "{88F679BC-56CC-41D4-912E-8FA185AA42B4}"
EndProject
Project("{9A19103F-16F7-4668-BE54-9A1E7A4F7556}") = "hw 24.10.24", "hw 24.10.24\hw 24.10.24.csproj", "{3474E8E4-DC87-48BB-A485-2131EE8AD8D2}"
EndProject
Project("{9A19103F-16F7-4668-BE54-9A1E7A4F7556}") = "hw 25.10.24", "hw 25.10.24\hw 25.10.24.csproj", "{C514AA73-D900-4743-8103-14D58D1AE1E9}"
EndProject
Project("{2150E333-8FDC-42A3-9474-1A3956D46DE8}") = "hw 01.11.24", "hw 01.11.24", "{DD000DCD-4DC0-46FE-A282-61FC76DAD99B}"
EndProject
Project("{9A19103F-16F7-4668-BE54-9A1E7A4F7556}") = "hw 01.11.24.API", "hw 01.11.24.API\hw 01.11.24.API.csproj", "{513CE744-6E36-4EA8-9D0E-FAA4F7750856}"
EndProject
Project("{9A19103F-16F7-4668-BE54-9A1E7A4F7556}") = "hw 01.11.24.Core", "hw 01.11.24.Core\hw 01.11.24.Core.csproj", "{9EC85080-58BD-4F95-94B0-14C067BEC05C}"
EndProject
Project("{FAE04EC0-301F-11D3-BF4B-00C04F79EFBC}") = "hw 07.11.24", "hw 07.11.24\hw 07.11.24.csproj", "{99F1E33E-0A55-4CCA-AD87-41AC59F2AA57}"
EndProject
Global
	GlobalSection(SolutionConfigurationPlatforms) = preSolution
		Debug|Any CPU = Debug|Any CPU
		Release|Any CPU = Release|Any CPU
	EndGlobalSection
	GlobalSection(ProjectConfigurationPlatforms) = postSolution
		{88F679BC-56CC-41D4-912E-8FA185AA42B4}.Debug|Any CPU.ActiveCfg = Debug|Any CPU
		{88F679BC-56CC-41D4-912E-8FA185AA42B4}.Debug|Any CPU.Build.0 = Debug|Any CPU
		{88F679BC-56CC-41D4-912E-8FA185AA42B4}.Release|Any CPU.ActiveCfg = Release|Any CPU
		{88F679BC-56CC-41D4-912E-8FA185AA42B4}.Release|Any CPU.Build.0 = Release|Any CPU
		{3474E8E4-DC87-48BB-A485-2131EE8AD8D2}.Debug|Any CPU.ActiveCfg = Debug|Any CPU
		{3474E8E4-DC87-48BB-A485-2131EE8AD8D2}.Debug|Any CPU.Build.0 = Debug|Any CPU
		{3474E8E4-DC87-48BB-A485-2131EE8AD8D2}.Release|Any CPU.ActiveCfg = Release|Any CPU
		{3474E8E4-DC87-48BB-A485-2131EE8AD8D2}.Release|Any CPU.Build.0 = Release|Any CPU
		{C514AA73-D900-4743-8103-14D58D1AE1E9}.Debug|Any CPU.ActiveCfg = Debug|Any CPU
		{C514AA73-D900-4743-8103-14D58D1AE1E9}.Debug|Any CPU.Build.0 = Debug|Any CPU
		{C514AA73-D900-4743-8103-14D58D1AE1E9}.Release|Any CPU.ActiveCfg = Release|Any CPU
		{C514AA73-D900-4743-8103-14D58D1AE1E9}.Release|Any CPU.Build.0 = Release|Any CPU
		{513CE744-6E36-4EA8-9D0E-FAA4F7750856}.Debug|Any CPU.ActiveCfg = Debug|Any CPU
		{513CE744-6E36-4EA8-9D0E-FAA4F7750856}.Debug|Any CPU.Build.0 = Debug|Any CPU
		{513CE744-6E36-4EA8-9D0E-FAA4F7750856}.Release|Any CPU.ActiveCfg = Release|Any CPU
		{513CE744-6E36-4EA8-9D0E-FAA4F7750856}.Release|Any CPU.Build.0 = Release|Any CPU
		{9EC85080-58BD-4F95-94B0-14C067BEC05C}.Debug|Any CPU.ActiveCfg = Debug|Any CPU
		{9EC85080-58BD-4F95-94B0-14C067BEC05C}.Debug|Any CPU.Build.0 = Debug|Any CPU
		{9EC85080-58BD-4F95-94B0-14C067BEC05C}.Release|Any CPU.ActiveCfg = Release|Any CPU
		{9EC85080-58BD-4F95-94B0-14C067BEC05C}.Release|Any CPU.Build.0 = Release|Any CPU
		{99F1E33E-0A55-4CCA-AD87-41AC59F2AA57}.Debug|Any CPU.ActiveCfg = Debug|Any CPU
		{99F1E33E-0A55-4CCA-AD87-41AC59F2AA57}.Debug|Any CPU.Build.0 = Debug|Any CPU
		{99F1E33E-0A55-4CCA-AD87-41AC59F2AA57}.Release|Any CPU.ActiveCfg = Release|Any CPU
		{99F1E33E-0A55-4CCA-AD87-41AC59F2AA57}.Release|Any CPU.Build.0 = Release|Any CPU
	EndGlobalSection
	GlobalSection(SolutionProperties) = preSolution
		HideSolutionNode = FALSE
	EndGlobalSection
	GlobalSection(NestedProjects) = preSolution
		{513CE744-6E36-4EA8-9D0E-FAA4F7750856} = {DD000DCD-4DC0-46FE-A282-61FC76DAD99B}
		{9EC85080-58BD-4F95-94B0-14C067BEC05C} = {DD000DCD-4DC0-46FE-A282-61FC76DAD99B}
	EndGlobalSection
	GlobalSection(ExtensibilityGlobals) = postSolution
		SolutionGuid = {AB6CC452-914F-46CB-852B-387A0D7C6E54}
	EndGlobalSection
EndGlobal
